# This file is automatically @generated by Cargo.
# It is not intended for manual editing.
version = 4

[[package]]
name = "termproof-cli"
version = "0.1.0"
dependencies = [
 "termproof-core",
]

[[package]]
name = "termproof-core"
version = "0.1.0"

[[package]]
name = "termproof-evidence"
version = "0.1.0"

[[package]]
name = "termproof-plugin-protocol"
version = "0.1.0"

[[package]]
name = "termproof-terminal"
version = "0.1.0"
